
Microsoft Visual Studio Solution File, Format Version 12.00
# Visual Studio Version 16
VisualStudioVersion = 16.0.31624.102
MinimumVisualStudioVersion = 10.0.40219.1
Project("{FAE04EC0-301F-11D3-BF4B-00C04F79EFBC}") = "Flappybird", "Flappybird\Flappybird.csproj", "{8F76E75B-1A5C-4711-8717-B186B3682E96}"
EndProject
Global
	GlobalSection(SolutionConfigurationPlatforms) = preSolution
		Debug|Any CPU = Debug|Any CPU
		Release|Any CPU = Release|Any CPU
	EndGlobalSection
	GlobalSection(ProjectConfigurationPlatforms) = postSolution
		{8F76E75B-1A5C-4711-8717-B186B3682E96}.Debug|Any CPU.ActiveCfg = Debug|Any CPU
		{8F76E75B-1A5C-4711-8717-B186B3682E96}.Debug|Any CPU.Build.0 = Debug|Any CPU
		{8F76E75B-1A5C-4711-8717-B186B3682E96}.Release|Any CPU.ActiveCfg = Release|Any CPU
		{8F76E75B-1A5C-4711-8717-B186B3682E96}.Release|Any CPU.Build.0 = Release|Any CPU
	EndGlobalSection
	GlobalSection(SolutionProperties) = preSolution
		HideSolutionNode = FALSE
	EndGlobalSection
	GlobalSection(ExtensibilityGlobals) = postSolution
		SolutionGuid = {56E8E15C-77D8-4E5B-8343-1C24075BA65D}
	EndGlobalSection
EndGlobal
